
Microsoft Visual Studio Solution File, Format Version 12.00
# Visual Studio Version 17
VisualStudioVersion = 17.7.34018.315
MinimumVisualStudioVersion = 10.0.40219.1
Project("{9A19103F-16F7-4668-BE54-9A1E7A4F7556}") = "SampleLimitRequestWebApi", "SampleLimitRequestWebApi\SampleLimitRequestWebApi.csproj", "{E1D64EB9-1CB1-4A31-BB87-E5521E8B337C}"
EndProject
Project("{9A19103F-16F7-4668-BE54-9A1E7A4F7556}") = "SampleLimitRequestTestConsole.ServerApis", "SampleLimitRequestTestConsole.ServerApis\SampleLimitRequestTestConsole.ServerApis.csproj", "{4B24F02A-29E3-472A-A1B2-CEE9199F8E48}"
EndProject
Project("{9A19103F-16F7-4668-BE54-9A1E7A4F7556}") = "SampleLimitRequestStatusConsole", "SampleLimitRequestStatusConsole\SampleLimitRequestStatusConsole.csproj", "{118DB416-3438-4F69-9710-49EED492A278}"
EndProject
Project("{9A19103F-16F7-4668-BE54-9A1E7A4F7556}") = "RequestRateLimit", "RequestRateLimit\RequestRateLimit.csproj", "{54DC5B3A-C096-49A8-8C2F-4963FB4644EB}"
EndProject
Project("{9A19103F-16F7-4668-BE54-9A1E7A4F7556}") = "CodeExtensions", "CodeExtensions\CodeExtensions.csproj", "{A4DF8114-3A1B-4A63-8769-B83CD9CD55C9}"
EndProject
Project("{9A19103F-16F7-4668-BE54-9A1E7A4F7556}") = "SampleLimitRequestTestCountConsole", "SampleLimitRequestTestCountConsole\SampleLimitRequestTestCountConsole.csproj", "{64D00A43-92DB-47EA-B9B6-FAABF405DDAD}"
EndProject
Project("{9A19103F-16F7-4668-BE54-9A1E7A4F7556}") = "SampleLimitRequestTestServiceConsole", "SampleLimitRequestTestServiceConsole\SampleLimitRequestTestServiceConsole.csproj", "{703B8D44-87D7-4FD7-AE7E-212DFB5CBEDC}"
EndProject
Global
	GlobalSection(SolutionConfigurationPlatforms) = preSolution
		Debug|Any CPU = Debug|Any CPU
		Release|Any CPU = Release|Any CPU
	EndGlobalSection
	GlobalSection(ProjectConfigurationPlatforms) = postSolution
		{E1D64EB9-1CB1-4A31-BB87-E5521E8B337C}.Debug|Any CPU.ActiveCfg = Debug|Any CPU
		{E1D64EB9-1CB1-4A31-BB87-E5521E8B337C}.Debug|Any CPU.Build.0 = Debug|Any CPU
		{E1D64EB9-1CB1-4A31-BB87-E5521E8B337C}.Release|Any CPU.ActiveCfg = Release|Any CPU
		{E1D64EB9-1CB1-4A31-BB87-E5521E8B337C}.Release|Any CPU.Build.0 = Release|Any CPU
		{4B24F02A-29E3-472A-A1B2-CEE9199F8E48}.Debug|Any CPU.ActiveCfg = Debug|Any CPU
		{4B24F02A-29E3-472A-A1B2-CEE9199F8E48}.Debug|Any CPU.Build.0 = Debug|Any CPU
		{4B24F02A-29E3-472A-A1B2-CEE9199F8E48}.Release|Any CPU.ActiveCfg = Release|Any CPU
		{4B24F02A-29E3-472A-A1B2-CEE9199F8E48}.Release|Any CPU.Build.0 = Release|Any CPU
		{118DB416-3438-4F69-9710-49EED492A278}.Debug|Any CPU.ActiveCfg = Debug|Any CPU
		{118DB416-3438-4F69-9710-49EED492A278}.Debug|Any CPU.Build.0 = Debug|Any CPU
		{118DB416-3438-4F69-9710-49EED492A278}.Release|Any CPU.ActiveCfg = Release|Any CPU
		{118DB416-3438-4F69-9710-49EED492A278}.Release|Any CPU.Build.0 = Release|Any CPU
		{54DC5B3A-C096-49A8-8C2F-4963FB4644EB}.Debug|Any CPU.ActiveCfg = Debug|Any CPU
		{54DC5B3A-C096-49A8-8C2F-4963FB4644EB}.Debug|Any CPU.Build.0 = Debug|Any CPU
		{54DC5B3A-C096-49A8-8C2F-4963FB4644EB}.Release|Any CPU.ActiveCfg = Release|Any CPU
		{54DC5B3A-C096-49A8-8C2F-4963FB4644EB}.Release|Any CPU.Build.0 = Release|Any CPU
		{A4DF8114-3A1B-4A63-8769-B83CD9CD55C9}.Debug|Any CPU.ActiveCfg = Debug|Any CPU
		{A4DF8114-3A1B-4A63-8769-B83CD9CD55C9}.Debug|Any CPU.Build.0 = Debug|Any CPU
		{A4DF8114-3A1B-4A63-8769-B83CD9CD55C9}.Release|Any CPU.ActiveCfg = Release|Any CPU
		{A4DF8114-3A1B-4A63-8769-B83CD9CD55C9}.Release|Any CPU.Build.0 = Release|Any CPU
		{64D00A43-92DB-47EA-B9B6-FAABF405DDAD}.Debug|Any CPU.ActiveCfg = Debug|Any CPU
		{64D00A43-92DB-47EA-B9B6-FAABF405DDAD}.Debug|Any CPU.Build.0 = Debug|Any CPU
		{64D00A43-92DB-47EA-B9B6-FAABF405DDAD}.Release|Any CPU.ActiveCfg = Release|Any CPU
		{64D00A43-92DB-47EA-B9B6-FAABF405DDAD}.Release|Any CPU.Build.0 = Release|Any CPU
		{703B8D44-87D7-4FD7-AE7E-212DFB5CBEDC}.Debug|Any CPU.ActiveCfg = Debug|Any CPU
		{703B8D44-87D7-4FD7-AE7E-212DFB5CBEDC}.Debug|Any CPU.Build.0 = Debug|Any CPU
		{703B8D44-87D7-4FD7-AE7E-212DFB5CBEDC}.Release|Any CPU.ActiveCfg = Release|Any CPU
		{703B8D44-87D7-4FD7-AE7E-212DFB5CBEDC}.Release|Any CPU.Build.0 = Release|Any CPU
	EndGlobalSection
	GlobalSection(SolutionProperties) = preSolution
		HideSolutionNode = FALSE
	EndGlobalSection
	GlobalSection(ExtensibilityGlobals) = postSolution
		SolutionGuid = {162902EA-1CB2-4E35-B5EF-D242CA0D97A5}
	EndGlobalSection
EndGlobal
